{
    "_readme": [
        "This file locks the dependencies of your project to a known state",
        "Read more about it at https://getcomposer.org/doc/01-basic-usage.md#composer-lock-the-lock-file",
        "This file is @generated automatically"
    ],
    "content-hash": "2af751074d22174d727f6a05bb3db90c",
    "packages": [
        {
            "name": "bjeavons/zxcvbn-php",
            "version": "0.3.0",
            "source": {
                "type": "git",
                "url": "https://github.com/bjeavons/zxcvbn-php.git",
                "reference": "331a88932d1a399c989967d3399a4a40eb182fd5"
            },
            "dist": {
                "type": "zip",
                "url": "https://api.github.com/repos/bjeavons/zxcvbn-php/zipball/331a88932d1a399c989967d3399a4a40eb182fd5",
                "reference": "331a88932d1a399c989967d3399a4a40eb182fd5",
                "shasum": ""
            },
            "require": {
                "php": "^5.3 || ^7.0"
            },
            "require-dev": {
                "phpunit/phpunit": "*",
                "satooshi/php-coveralls": "*"
            },
            "type": "library",
            "autoload": {
                "psr-4": {
                    "ZxcvbnPhp\\": "src/"
                }
            },
            "notification-url": "https://packagist.org/downloads/",
            "license": [
                "MIT"
            ],
            "authors": [
                {
                    "name": "See contributors",
                    "homepage": "https://github.com/bjeavons/zxcvbn-php"
                }
            ],
            "description": "Realistic password strength estimation PHP library based on Zxcvbn JS",
            "homepage": "https://github.com/bjeavons/zxcvbn-php",
            "keywords": [
                "password",
                "zxcvbn"
            ],
            "time": "2017-01-06T15:43:33+00:00"
        },
        {
            "name": "composer/ca-bundle",
            "version": "1.1.3",
            "source": {
                "type": "git",
                "url": "https://github.com/composer/ca-bundle.git",
                "reference": "8afa52cd417f4ec417b4bfe86b68106538a87660"
            },
            "dist": {
                "type": "zip",
                "url": "https://api.github.com/repos/composer/ca-bundle/zipball/8afa52cd417f4ec417b4bfe86b68106538a87660",
                "reference": "8afa52cd417f4ec417b4bfe86b68106538a87660",
                "shasum": ""
            },
            "require": {
                "ext-openssl": "*",
                "ext-pcre": "*",
                "php": "^5.3.2 || ^7.0"
            },
            "require-dev": {
                "phpunit/phpunit": "^4.8.35 || ^5.7 || ^6.5",
                "psr/log": "^1.0",
                "symfony/process": "^2.5 || ^3.0 || ^4.0"
            },
            "type": "library",
            "extra": {
                "branch-alias": {
                    "dev-master": "1.x-dev"
                }
            },
            "autoload": {
                "psr-4": {
                    "Composer\\CaBundle\\": "src"
                }
            },
            "notification-url": "https://packagist.org/downloads/",
            "license": [
                "MIT"
            ],
            "authors": [
                {
                    "name": "Jordi Boggiano",
                    "email": "j.boggiano@seld.be",
                    "homepage": "http://seld.be"
                }
            ],
            "description": "Lets you find a path to the system CA bundle, and includes a fallback to the Mozilla CA bundle.",
            "keywords": [
                "cabundle",
                "cacert",
                "certificate",
                "ssl",
                "tls"
            ],
            "time": "2018-10-18T06:09:13+00:00"
        },
        {
            "name": "fernleafsystems/utilities",
            "version": "1.1.1",
            "source": {
                "type": "git",
                "url": "https://github.com/FernleafSystems/Utilities.git",
                "reference": "242addd267f4e22e9dcdb80e9c31187d39c90af9"
            },
            "dist": {
                "type": "zip",
                "url": "https://api.github.com/repos/FernleafSystems/Utilities/zipball/242addd267f4e22e9dcdb80e9c31187d39c90af9",
                "reference": "242addd267f4e22e9dcdb80e9c31187d39c90af9",
                "shasum": ""
            },
            "require": {
                "php": ">=5.4"
            },
            "type": "library",
            "autoload": {
                "psr-4": {
                    "FernleafSystems\\Utilities\\": "src"
                }
            },
            "notification-url": "https://packagist.org/downloads/",
            "authors": [
                {
                    "name": "Paul Goodchild",
                    "email": "paul@paulgoodchild.me",
                    "homepage": "https://paulgoodchild.me"
                }
            ],
            "description": "Collection of simple utilities and traits",
            "time": "2018-07-24T13:24:35+00:00"
        },
        {
            "name": "fernleafsystems/wordpress-services",
            "version": "dev-develop",
            "source": {
                "type": "git",
                "url": "https://bitbucket.org/FernleafSystems/wordpress-services.git",
                "reference": "e07167a158d0016b6c6fdb6da3dfe8905c325630"
            },
            "dist": {
                "type": "zip",
                "url": "https://bitbucket.org/FernleafSystems/wordpress-services/get/e07167a158d0016b6c6fdb6da3dfe8905c325630.zip",
                "reference": "e07167a158d0016b6c6fdb6da3dfe8905c325630",
                "shasum": ""
            },
            "require": {
                "fernleafsystems/utilities": "^1.0",
                "google/recaptcha": "~1.1",
                "php": ">=5.4.0",
                "pimple/pimple": "~3.0",
                "soundasleep/html2text": "~0.5.0",
                "symfony/yaml": "~2.0||~3.0",
                "twig/twig": "^1.0"
            },
            "type": "library",
            "autoload": {
                "psr-4": {
                    "FernleafSystems\\Wordpress\\Services\\": "src"
                }
            },
            "notification-url": "https://packagist.org/downloads/",
            "authors": [
                {
                    "name": "Paul Goodchild",
                    "email": "paul@icontrolwp.com"
                }
            ],
            "homepage": "https://bitbucket.org/FernleafSystems/wordpress-services",
            "time": "2018-11-12T09:56:01+00:00"
        },
        {
            "name": "geoip2/geoip2",
            "version": "v2.9.0",
            "source": {
                "type": "git",
                "url": "https://github.com/maxmind/GeoIP2-php.git",
                "reference": "a807fbf65212eef5d8d2db1a1b31082b53633d77"
            },
            "dist": {
                "type": "zip",
                "url": "https://api.github.com/repos/maxmind/GeoIP2-php/zipball/a807fbf65212eef5d8d2db1a1b31082b53633d77",
                "reference": "a807fbf65212eef5d8d2db1a1b31082b53633d77",
                "shasum": ""
            },
            "require": {
                "maxmind-db/reader": "~1.0",
                "maxmind/web-service-common": "~0.5",
                "php": ">=5.4"
            },
            "require-dev": {
                "friendsofphp/php-cs-fixer": "2.*",
                "phpunit/phpunit": "4.*",
                "squizlabs/php_codesniffer": "3.*"
            },
            "type": "library",
            "autoload": {
                "psr-4": {
                    "GeoIp2\\": "src"
                }
            },
            "notification-url": "https://packagist.org/downloads/",
            "license": [
                "Apache-2.0"
            ],
            "authors": [
                {
                    "name": "Gregory J. Oschwald",
                    "email": "goschwald@maxmind.com",
                    "homepage": "http://www.maxmind.com/"
                }
            ],
            "description": "MaxMind GeoIP2 PHP API",
            "homepage": "https://github.com/maxmind/GeoIP2-php",
            "keywords": [
                "IP",
                "geoip",
                "geoip2",
                "geolocation",
                "maxmind"
            ],
            "time": "2018-04-10T15:32:59+00:00"
        },
        {
            "name": "google/recaptcha",
            "version": "1.1.2",
            "source": {
                "type": "git",
                "url": "https://github.com/google/recaptcha.git",
                "reference": "2b7e00566afca82a38a1d3adb8e42c118006296e"
            },
            "dist": {
                "type": "zip",
                "url": "https://api.github.com/repos/google/recaptcha/zipball/2b7e00566afca82a38a1d3adb8e42c118006296e",
                "reference": "2b7e00566afca82a38a1d3adb8e42c118006296e",
                "shasum": ""
            },
            "require": {
                "php": ">=5.3.2"
            },
            "require-dev": {
                "phpunit/phpunit": "4.5.*"
            },
            "type": "library",
            "extra": {
                "branch-alias": {
                    "dev-master": "1.1.x-dev"
                }
            },
            "autoload": {
                "psr-4": {
                    "ReCaptcha\\": "src/ReCaptcha"
                }
            },
            "notification-url": "https://packagist.org/downloads/",
            "license": [
                "BSD-3-Clause"
            ],
            "description": "Client library for reCAPTCHA, a free service that protect websites from spam and abuse.",
            "homepage": "http://www.google.com/recaptcha/",
            "keywords": [
                "Abuse",
                "captcha",
                "recaptcha",
                "spam"
            ],
            "time": "2015-09-02T17:23:59+00:00"
        },
        {
            "name": "maxmind-db/reader",
            "version": "v1.3.0",
            "source": {
                "type": "git",
                "url": "https://github.com/maxmind/MaxMind-DB-Reader-php.git",
                "reference": "e042b4f8a2dff41e19019faf16427178b07fbd58"
            },
            "dist": {
                "type": "zip",
                "url": "https://api.github.com/repos/maxmind/MaxMind-DB-Reader-php/zipball/e042b4f8a2dff41e19019faf16427178b07fbd58",
                "reference": "e042b4f8a2dff41e19019faf16427178b07fbd58",
                "shasum": ""
            },
            "require": {
                "php": ">=5.4"
            },
            "require-dev": {
                "friendsofphp/php-cs-fixer": "2.*",
                "phpunit/phpunit": "4.* || 5.*",
                "satooshi/php-coveralls": "1.0.*",
                "squizlabs/php_codesniffer": "3.*"
            },
            "suggest": {
                "ext-bcmath": "bcmath or gmp is required for decoding larger integers with the pure PHP decoder",
                "ext-gmp": "bcmath or gmp is required for decoding larger integers with the pure PHP decoder",
                "ext-maxminddb": "A C-based database decoder that provides significantly faster lookups"
            },
            "type": "library",
            "autoload": {
                "psr-4": {
                    "MaxMind\\Db\\": "src/MaxMind/Db"
                }
            },
            "notification-url": "https://packagist.org/downloads/",
            "license": [
                "Apache-2.0"
            ],
            "authors": [
                {
                    "name": "Gregory J. Oschwald",
                    "email": "goschwald@maxmind.com",
                    "homepage": "http://www.maxmind.com/"
                }
            ],
            "description": "MaxMind DB Reader API",
            "homepage": "https://github.com/maxmind/MaxMind-DB-Reader-php",
            "keywords": [
                "database",
                "geoip",
                "geoip2",
                "geolocation",
                "maxmind"
            ],
            "time": "2018-02-21T21:23:33+00:00"
        },
        {
            "name": "maxmind/web-service-common",
            "version": "v0.5.0",
            "source": {
                "type": "git",
                "url": "https://github.com/maxmind/web-service-common-php.git",
                "reference": "61a9836fa3bb1743ab89752bae5005d71e78c73b"
            },
            "dist": {
                "type": "zip",
                "url": "https://api.github.com/repos/maxmind/web-service-common-php/zipball/61a9836fa3bb1743ab89752bae5005d71e78c73b",
                "reference": "61a9836fa3bb1743ab89752bae5005d71e78c73b",
                "shasum": ""
            },
            "require": {
                "composer/ca-bundle": "^1.0.3",
                "ext-curl": "*",
                "ext-json": "*",
                "php": ">=5.4"
            },
            "require-dev": {
                "friendsofphp/php-cs-fixer": "2.*",
                "phpunit/phpunit": "4.*",
                "squizlabs/php_codesniffer": "3.*"
            },
            "type": "library",
            "autoload": {
                "psr-4": {
                    "MaxMind\\Exception\\": "src/Exception",
                    "MaxMind\\WebService\\": "src/WebService"
                }
            },
            "notification-url": "https://packagist.org/downloads/",
            "license": [
                "Apache-2.0"
            ],
            "authors": [
                {
                    "name": "Gregory Oschwald",
                    "email": "goschwald@maxmind.com"
                }
            ],
            "description": "Internal MaxMind Web Service API",
            "homepage": "https://github.com/maxmind/web-service-common-php",
            "time": "2018-02-12T22:31:54+00:00"
        },
        {
            "name": "nesbot/carbon",
            "version": "1.34.1",
            "source": {
                "type": "git",
                "url": "https://github.com/briannesbitt/Carbon.git",
                "reference": "19201b87f7dba2a7cbf1cccdf0e1da13c04ee9c9"
            },
            "dist": {
                "type": "zip",
                "url": "https://api.github.com/repos/briannesbitt/Carbon/zipball/19201b87f7dba2a7cbf1cccdf0e1da13c04ee9c9",
                "reference": "19201b87f7dba2a7cbf1cccdf0e1da13c04ee9c9",
                "shasum": ""
            },
            "require": {
                "php": ">=5.3.9",
                "symfony/translation": "~2.6 || ~3.0 || ~4.0"
            },
            "require-dev": {
                "friendsofphp/php-cs-fixer": "~2",
                "phpunit/phpunit": "^4.8.35 || ^5.7"
            },
            "type": "library",
            "extra": {
                "laravel": {
                    "providers": [
                        "Carbon\\Laravel\\ServiceProvider"
                    ]
                }
            },
            "autoload": {
                "psr-4": {
                    "": "src/"
                }
            },
            "notification-url": "https://packagist.org/downloads/",
            "license": [
                "MIT"
            ],
            "authors": [
                {
                    "name": "Brian Nesbitt",
                    "email": "brian@nesbot.com",
                    "homepage": "http://nesbot.com"
                }
            ],
            "description": "A simple API extension for DateTime.",
            "homepage": "http://carbon.nesbot.com",
            "keywords": [
                "date",
                "datetime",
                "time"
            ],
            "time": "2018-11-08T13:33:47+00:00"
        },
        {
            "name": "pimple/pimple",
            "version": "v3.2.3",
            "source": {
                "type": "git",
                "url": "https://github.com/silexphp/Pimple.git",
                "reference": "9e403941ef9d65d20cba7d54e29fe906db42cf32"
            },
            "dist": {
                "type": "zip",
                "url": "https://api.github.com/repos/silexphp/Pimple/zipball/9e403941ef9d65d20cba7d54e29fe906db42cf32",
                "reference": "9e403941ef9d65d20cba7d54e29fe906db42cf32",
                "shasum": ""
            },
            "require": {
                "php": ">=5.3.0",
                "psr/container": "^1.0"
            },
            "require-dev": {
                "symfony/phpunit-bridge": "^3.2"
            },
            "type": "library",
            "extra": {
                "branch-alias": {
                    "dev-master": "3.2.x-dev"
                }
            },
            "autoload": {
                "psr-0": {
                    "Pimple": "src/"
                }
            },
            "notification-url": "https://packagist.org/downloads/",
            "license": [
                "MIT"
            ],
            "authors": [
                {
                    "name": "Fabien Potencier",
                    "email": "fabien@symfony.com"
                }
            ],
            "description": "Pimple, a simple Dependency Injection Container",
            "homepage": "http://pimple.sensiolabs.org",
            "keywords": [
                "container",
                "dependency injection"
            ],
            "time": "2018-01-21T07:42:36+00:00"
        },
        {
            "name": "psr/container",
            "version": "1.0.0",
            "source": {
                "type": "git",
                "url": "https://github.com/php-fig/container.git",
                "reference": "b7ce3b176482dbbc1245ebf52b181af44c2cf55f"
            },
            "dist": {
                "type": "zip",
                "url": "https://api.github.com/repos/php-fig/container/zipball/b7ce3b176482dbbc1245ebf52b181af44c2cf55f",
                "reference": "b7ce3b176482dbbc1245ebf52b181af44c2cf55f",
                "shasum": ""
            },
            "require": {
                "php": ">=5.3.0"
            },
            "type": "library",
            "extra": {
                "branch-alias": {
                    "dev-master": "1.0.x-dev"
                }
            },
            "autoload": {
                "psr-4": {
                    "Psr\\Container\\": "src/"
                }
            },
            "notification-url": "https://packagist.org/downloads/",
            "license": [
                "MIT"
            ],
            "authors": [
                {
                    "name": "PHP-FIG",
                    "homepage": "http://www.php-fig.org/"
                }
            ],
            "description": "Common Container Interface (PHP FIG PSR-11)",
            "homepage": "https://github.com/php-fig/container",
            "keywords": [
                "PSR-11",
                "container",
                "container-interface",
                "container-interop",
                "psr"
            ],
            "time": "2017-02-14T16:28:37+00:00"
        },
        {
            "name": "soundasleep/html2text",
            "version": "0.5.0",
            "source": {
                "type": "git",
                "url": "https://github.com/soundasleep/html2text.git",
                "reference": "cdb89f6ffa2c4cc78f8ed9ea6ee0594a9133ccad"
            },
            "dist": {
                "type": "zip",
                "url": "https://api.github.com/repos/soundasleep/html2text/zipball/cdb89f6ffa2c4cc78f8ed9ea6ee0594a9133ccad",
                "reference": "cdb89f6ffa2c4cc78f8ed9ea6ee0594a9133ccad",
                "shasum": ""
            },
            "require": {
                "ext-dom": "*",
                "ext-libxml": "*",
                "php": ">=5.3.2"
            },
            "require-dev": {
                "phpunit/phpunit": ">=4.0",
                "soundasleep/component-tests": "dev-master"
            },
            "type": "library",
            "autoload": {
                "psr-4": {
                    "Html2Text\\": "src"
                }
            },
            "notification-url": "https://packagist.org/downloads/",
            "license": [
                "EPL-1.0"
            ],
            "authors": [
                {
                    "name": "Jevon Wright",
                    "homepage": "https://jevon.org",
                    "role": "Developer"
                }
            ],
            "description": "A PHP script to convert HTML into a plain text format",
            "homepage": "https://github.com/soundasleep/html2text",
            "keywords": [
                "email",
                "html",
                "php",
                "text"
            ],
            "time": "2017-04-19T22:01:50+00:00"
        },
        {
            "name": "symfony/polyfill-ctype",
            "version": "v1.10.0",
            "source": {
                "type": "git",
                "url": "https://github.com/symfony/polyfill-ctype.git",
                "reference": "e3d826245268269cd66f8326bd8bc066687b4a19"
            },
            "dist": {
                "type": "zip",
                "url": "https://api.github.com/repos/symfony/polyfill-ctype/zipball/e3d826245268269cd66f8326bd8bc066687b4a19",
                "reference": "e3d826245268269cd66f8326bd8bc066687b4a19",
                "shasum": ""
            },
            "require": {
                "php": ">=5.3.3"
            },
            "suggest": {
                "ext-ctype": "For best performance"
            },
            "type": "library",
            "extra": {
                "branch-alias": {
                    "dev-master": "1.9-dev"
                }
            },
            "autoload": {
                "psr-4": {
                    "Symfony\\Polyfill\\Ctype\\": ""
                },
                "files": [
                    "bootstrap.php"
                ]
            },
            "notification-url": "https://packagist.org/downloads/",
            "license": [
                "MIT"
            ],
            "authors": [
                {
                    "name": "Symfony Community",
                    "homepage": "https://symfony.com/contributors"
                },
                {
                    "name": "Gert de Pagter",
                    "email": "BackEndTea@gmail.com"
                }
            ],
            "description": "Symfony polyfill for ctype functions",
            "homepage": "https://symfony.com",
            "keywords": [
                "compatibility",
                "ctype",
                "polyfill",
                "portable"
            ],
            "time": "2018-08-06T14:22:27+00:00"
        },
        {
            "name": "symfony/polyfill-mbstring",
            "version": "v1.10.0",
            "source": {
                "type": "git",
                "url": "https://github.com/symfony/polyfill-mbstring.git",
                "reference": "c79c051f5b3a46be09205c73b80b346e4153e494"
            },
            "dist": {
                "type": "zip",
                "url": "https://api.github.com/repos/symfony/polyfill-mbstring/zipball/c79c051f5b3a46be09205c73b80b346e4153e494",
                "reference": "c79c051f5b3a46be09205c73b80b346e4153e494",
                "shasum": ""
            },
            "require": {
                "php": ">=5.3.3"
            },
            "suggest": {
                "ext-mbstring": "For best performance"
            },
            "type": "library",
            "extra": {
                "branch-alias": {
                    "dev-master": "1.9-dev"
                }
            },
            "autoload": {
                "psr-4": {
                    "Symfony\\Polyfill\\Mbstring\\": ""
                },
                "files": [
                    "bootstrap.php"
                ]
            },
            "notification-url": "https://packagist.org/downloads/",
            "license": [
                "MIT"
            ],
            "authors": [
                {
                    "name": "Nicolas Grekas",
                    "email": "p@tchwork.com"
                },
                {
                    "name": "Symfony Community",
                    "homepage": "https://symfony.com/contributors"
                }
            ],
            "description": "Symfony polyfill for the Mbstring extension",
            "homepage": "https://symfony.com",
            "keywords": [
                "compatibility",
                "mbstring",
                "polyfill",
                "portable",
                "shim"
            ],
            "time": "2018-09-21T13:07:52+00:00"
        },
        {
            "name": "symfony/translation",
            "version": "v2.8.47",
            "source": {
                "type": "git",
                "url": "https://github.com/symfony/translation.git",
                "reference": "cb34ec9549ab65f7f512819441f2d6af4d12c294"
            },
            "dist": {
                "type": "zip",
                "url": "https://api.github.com/repos/symfony/translation/zipball/cb34ec9549ab65f7f512819441f2d6af4d12c294",
                "reference": "cb34ec9549ab65f7f512819441f2d6af4d12c294",
                "shasum": ""
            },
            "require": {
                "php": ">=5.3.9",
                "symfony/polyfill-mbstring": "~1.0"
            },
            "conflict": {
                "symfony/config": "<2.7"
            },
            "require-dev": {
                "psr/log": "~1.0",
                "symfony/config": "~2.8",
                "symfony/intl": "~2.7.25|^2.8.18|~3.2.5",
                "symfony/yaml": "~2.2|~3.0.0"
            },
            "suggest": {
                "psr/log-implementation": "To use logging capability in translator",
                "symfony/config": "",
                "symfony/yaml": ""
            },
            "type": "library",
            "extra": {
                "branch-alias": {
                    "dev-master": "2.8-dev"
                }
            },
            "autoload": {
                "psr-4": {
                    "Symfony\\Component\\Translation\\": ""
                },
                "exclude-from-classmap": [
                    "/Tests/"
                ]
            },
            "notification-url": "https://packagist.org/downloads/",
            "license": [
                "MIT"
            ],
            "authors": [
                {
                    "name": "Fabien Potencier",
                    "email": "fabien@symfony.com"
                },
                {
                    "name": "Symfony Community",
                    "homepage": "https://symfony.com/contributors"
                }
            ],
            "description": "Symfony Translation Component",
            "homepage": "https://symfony.com",
            "time": "2018-10-02T16:27:16+00:00"
        },
        {
            "name": "symfony/yaml",
            "version": "v2.8.47",
            "source": {
                "type": "git",
                "url": "https://github.com/symfony/yaml.git",
                "reference": "0e16589861f192dbffb19b06683ce3ef58f7f99d"
            },
            "dist": {
                "type": "zip",
                "url": "https://api.github.com/repos/symfony/yaml/zipball/0e16589861f192dbffb19b06683ce3ef58f7f99d",
                "reference": "0e16589861f192dbffb19b06683ce3ef58f7f99d",
                "shasum": ""
            },
            "require": {
                "php": ">=5.3.9",
                "symfony/polyfill-ctype": "~1.8"
            },
            "type": "library",
            "extra": {
                "branch-alias": {
                    "dev-master": "2.8-dev"
                }
            },
            "autoload": {
                "psr-4": {
                    "Symfony\\Component\\Yaml\\": ""
                },
                "exclude-from-classmap": [
                    "/Tests/"
                ]
            },
            "notification-url": "https://packagist.org/downloads/",
            "license": [
                "MIT"
            ],
            "authors": [
                {
                    "name": "Fabien Potencier",
                    "email": "fabien@symfony.com"
                },
                {
                    "name": "Symfony Community",
                    "homepage": "https://symfony.com/contributors"
                }
            ],
            "description": "Symfony Yaml Component",
            "homepage": "https://symfony.com",
            "time": "2018-10-02T16:27:16+00:00"
        },
        {
            "name": "twig/twig",
            "version": "v1.35.4",
            "source": {
                "type": "git",
                "url": "https://github.com/twigphp/Twig.git",
                "reference": "7e081e98378a1e78c29cc9eba4aefa5d78a05d2a"
            },
            "dist": {
                "type": "zip",
                "url": "https://api.github.com/repos/twigphp/Twig/zipball/7e081e98378a1e78c29cc9eba4aefa5d78a05d2a",
                "reference": "7e081e98378a1e78c29cc9eba4aefa5d78a05d2a",
                "shasum": ""
            },
            "require": {
                "php": ">=5.3.3",
                "symfony/polyfill-ctype": "^1.8"
            },
            "require-dev": {
                "psr/container": "^1.0",
                "symfony/debug": "^2.7",
                "symfony/phpunit-bridge": "^3.3"
            },
            "type": "library",
            "extra": {
                "branch-alias": {
                    "dev-master": "1.35-dev"
                }
            },
            "autoload": {
                "psr-0": {
                    "Twig_": "lib/"
                },
                "psr-4": {
                    "Twig\\": "src/"
                }
            },
            "notification-url": "https://packagist.org/downloads/",
            "license": [
                "BSD-3-Clause"
            ],
            "authors": [
                {
                    "name": "Fabien Potencier",
                    "email": "fabien@symfony.com",
                    "homepage": "http://fabien.potencier.org",
                    "role": "Lead Developer"
                },
                {
                    "name": "Armin Ronacher",
                    "email": "armin.ronacher@active-4.com",
                    "role": "Project Founder"
                },
                {
                    "name": "Twig Team",
                    "homepage": "https://twig.symfony.com/contributors",
                    "role": "Contributors"
                }
            ],
            "description": "Twig, the flexible, fast, and secure template language for PHP",
            "homepage": "https://twig.symfony.com",
            "keywords": [
                "templating"
            ],
            "time": "2018-07-13T07:12:17+00:00"
        }
    ],
    "packages-dev": [],
    "aliases": [],
    "minimum-stability": "stable",
    "stability-flags": {
        "fernleafsystems/wordpress-services": 20
    },
    "prefer-stable": false,
    "prefer-lowest": false,
    "platform": [],
    "platform-dev": [],
    "platform-overrides": {
        "php": "5.4"
    }
}
